// !$*UTF8*$!
{
	archiveVersion = 1;
	classes = {
	};
	objectVersion = 70;
	objects = {

/* Begin PBXBuildFile section */
		1001 /* FocusFlowApp.swift in Sources */ = {isa = PBXBuildFile; fileRef = 2001 /* FocusFlowApp.swift */; };
		1002 /* ContentView.swift in Sources */ = {isa = PBXBuildFile; fileRef = 2002 /* ContentView.swift */; };
		1003 /* TimerView.swift in Sources */ = {isa = PBXBuildFile; fileRef = 2003 /* TimerView.swift */; };
		1004 /* StatsView.swift in Sources */ = {isa = PBXBuildFile; fileRef = 2004 /* StatsView.swift */; };
		1005 /* AchievementsView.swift in Sources */ = {isa = PBXBuildFile; fileRef = 2005 /* AchievementsView.swift */; };
		1006 /* SettingsView.swift in Sources */ = {isa = PBXBuildFile; fileRef = 2006 /* SettingsView.swift */; };
		1007 /* SubscriptionView.swift in Sources */ = {isa = PBXBuildFile; fileRef = 2007 /* SubscriptionView.swift */; };
		1008 /* SoundPickerView.swift in Sources */ = {isa = PBXBuildFile; fileRef = 2008 /* SoundPickerView.swift */; };
		1009 /* TimerManager.swift in Sources */ = {isa = PBXBuildFile; fileRef = 2009 /* TimerManager.swift */; };
		1010 /* StatsManager.swift in Sources */ = {isa = PBXBuildFile; fileRef = 2010 /* StatsManager.swift */; };
		1011 /* SoundManager.swift in Sources */ = {isa = PBXBuildFile; fileRef = 2011 /* SoundManager.swift */; };
		1012 /* SubscriptionManager.swift in Sources */ = {isa = PBXBuildFile; fileRef = 2012 /* SubscriptionManager.swift */; };
		1013 /* FocusData.swift in Sources */ = {isa = PBXBuildFile; fileRef = 2013 /* FocusData.swift */; };
		1014 /* AppConstants.swift in Sources */ = {isa = PBXBuildFile; fileRef = 2014 /* AppConstants.swift */; };
		1015 /* Theme.swift in Sources */ = {isa = PBXBuildFile; fileRef = 2015 /* Theme.swift */; };
		1016 /* Assets.xcassets in Resources */ = {isa = PBXBuildFile; fileRef = 2016 /* Assets.xcassets */; };
		A26EE98F2F869F0F00E36E96 /* WidgetKit.framework in Frameworks */ = {isa = PBXBuildFile; fileRef = A27E2B712F853AAB00B1721A /* WidgetKit.framework */; };
		A26EE9902F869F0F00E36E96 /* SwiftUI.framework in Frameworks */ = {isa = PBXBuildFile; fileRef = A27E2B732F853AAB00B1721A /* SwiftUI.framework */; };
		A26EE99F2F869F1000E36E96 /* FocusWidgetExtension.appex in Embed Foundation Extensions */ = {isa = PBXBuildFile; fileRef = A26EE98E2F869F0F00E36E96 /* FocusWidgetExtension.appex */; settings = {ATTRIBUTES = (RemoveHeadersOnCopy, ); }; };
		A27E2B722F853AAB00B1721A /* WidgetKit.framework in Frameworks */ = {isa = PBXBuildFile; fileRef = A27E2B712F853AAB00B1721A /* WidgetKit.framework */; };
		A27E2B742F853AAB00B1721A /* SwiftUI.framework in Frameworks */ = {isa = PBXBuildFile; fileRef = A27E2B732F853AAB00B1721A /* SwiftUI.framework */; };
		A27E2B852F853AAD00B1721A /* FocusFlowLiveActivityExtension.appex in Embed Foundation Extensions */ = {isa = PBXBuildFile; fileRef = A27E2B702F853AAB00B1721A /* FocusFlowLiveActivityExtension.appex */; settings = {ATTRIBUTES = (RemoveHeadersOnCopy, ); }; };
		A281640E2F87F72B00BCF738 /* ThemeManager.swift in Sources */ = {isa = PBXBuildFile; fileRef = A281640D2F87F72B00BCF738 /* ThemeManager.swift */; };
		A28164372F88831100BCF738 /* iPhoneConnectivityManager.swift in Sources */ = {isa = PBXBuildFile; fileRef = A28164352F88831100BCF738 /* iPhoneConnectivityManager.swift */; };
		A28164382F88831100BCF738 /* WatchSyncData.swift in Sources */ = {isa = PBXBuildFile; fileRef = A28164362F88831100BCF738 /* WatchSyncData.swift */; };
		A28164392F88831100BCF738 /* ExportManager.swift in Sources */ = {isa = PBXBuildFile; fileRef = A28164342F88831100BCF738 /* ExportManager.swift */; };
		A281643A2F88831100BCF738 /* AchievementChecker.swift in Sources */ = {isa = PBXBuildFile; fileRef = A28164332F88831100BCF738 /* AchievementChecker.swift */; };
		A2E700872F8405D4001D889B /* rain.mp3 in Resources */ = {isa = PBXBuildFile; fileRef = A2E700842F8405D4001D889B /* rain.mp3 */; };
		A2E700882F8405D4001D889B /* ocean.mp3 in Resources */ = {isa = PBXBuildFile; fileRef = A2E700832F8405D4001D889B /* ocean.mp3 */; };
		A2E700892F8405D4001D889B /* forest.mp3 in Resources */ = {isa = PBXBuildFile; fileRef = A2E700822F8405D4001D889B /* forest.mp3 */; };
		A2E7008A2F8405D4001D889B /* fireplace.mp3 in Resources */ = {isa = PBXBuildFile; fileRef = A2E700812F8405D4001D889B /* fireplace.mp3 */; };
		A2E7008B2F8405D4001D889B /* cafe.mp3 in Resources */ = {isa = PBXBuildFile; fileRef = A2E700802F8405D4001D889B /* cafe.mp3 */; };
		A2E7008C2F8405D4001D889B /* wind.mp3 in Resources */ = {isa = PBXBuildFile; fileRef = A2E700852F8405D4001D889B /* wind.mp3 */; };
		A2F4AC772F848564001E0EEB /* HealthKit.framework in Frameworks */ = {isa = PBXBuildFile; fileRef = A2F4AC762F848564001E0EEB /* HealthKit.framework */; };
		A2F4AC792F848564001E0EEC /* StoreKit.framework in Frameworks */ = {isa = PBXBuildFile; fileRef = A2F4AC782F848564001E0EEC /* StoreKit.framework */; };
		A2FF0001 /* LockScreenManager.swift in Sources */ = {isa = PBXBuildFile; fileRef = A2FF1001 /* LockScreenManager.swift */; };
		A2FF0002 /* NotificationManager.swift in Sources */ = {isa = PBXBuildFile; fileRef = A2FF1002 /* NotificationManager.swift */; };
		A2FF0003 /* ShareManager.swift in Sources */ = {isa = PBXBuildFile; fileRef = A2FF1003 /* ShareManager.swift */; };
		A2FF0004 /* HealthManager.swift in Sources */ = {isa = PBXBuildFile; fileRef = A2FF1004 /* HealthManager.swift */; };
		A2FF0005 /* DurationPickerView.swift in Sources */ = {isa = PBXBuildFile; fileRef = A2FF1005 /* DurationPickerView.swift */; };
/* End PBXBuildFile section */

/* Begin PBXContainerItemProxy section */
		A26EE99D2F869F1000E36E96 /* PBXContainerItemProxy */ = {
			isa = PBXContainerItemProxy;
			containerPortal = 6001 /* Project object */;
			proxyType = 1;
			remoteGlobalIDString = A26EE98D2F869F0F00E36E96;
			remoteInfo = FocusWidgetExtension;
		};
		A27E2B832F853AAD00B1721A /* PBXContainerItemProxy */ = {
			isa = PBXContainerItemProxy;
			containerPortal = 6001 /* Project object */;
			proxyType = 1;
			remoteGlobalIDString = A27E2B6F2F853AAB00B1721A;
			remoteInfo = FocusFlowLiveActivityExtension;
		};
		A281645B2F89142E00BCF738 /* PBXContainerItemProxy */ = {
			isa = PBXContainerItemProxy;
			containerPortal = 6001 /* Project object */;
			proxyType = 1;
			remoteGlobalIDString = A281644D2F89142D00BCF738;
			remoteInfo = "WatchFocusFlow Watch App";
		};
		A28164652F89142E00BCF738 /* PBXContainerItemProxy */ = {
			isa = PBXContainerItemProxy;
			containerPortal = 6001 /* Project object */;
			proxyType = 1;
			remoteGlobalIDString = A281644D2F89142D00BCF738;
			remoteInfo = "WatchFocusFlow Watch App";
		};
/* End PBXContainerItemProxy section */

/* Begin PBXCopyFilesBuildPhase section */
		A27E2B8A2F853AAD00B1721A /* Embed Foundation Extensions */ = {
			isa = PBXCopyFilesBuildPhase;
			buildActionMask = 2147483647;
			dstPath = "";
			dstSubfolderSpec = 13;
			files = (
				A27E2B852F853AAD00B1721A /* FocusFlowLiveActivityExtension.appex in Embed Foundation Extensions */,
				A26EE99F2F869F1000E36E96 /* FocusWidgetExtension.appex in Embed Foundation Extensions */,
			);
			name = "Embed Foundation Extensions";
			runOnlyForDeploymentPostprocessing = 0;
		};
/* End PBXCopyFilesBuildPhase section */

/* Begin PBXFileReference section */
		2001 /* FocusFlowApp.swift */ = {isa = PBXFileReference; lastKnownFileType = sourcecode.swift; path = FocusFlowApp.swift; sourceTree = "<group>"; };
		2002 /* ContentView.swift */ = {isa = PBXFileReference; lastKnownFileType = sourcecode.swift; path = ContentView.swift; sourceTree = "<group>"; };
		2003 /* TimerView.swift */ = {isa = PBXFileReference; lastKnownFileType = sourcecode.swift; path = TimerView.swift; sourceTree = "<group>"; };
		2004 /* StatsView.swift */ = {isa = PBXFileReference; lastKnownFileType = sourcecode.swift; path = StatsView.swift; sourceTree = "<group>"; };
		2005 /* AchievementsView.swift */ = {isa = PBXFileReference; lastKnownFileType = sourcecode.swift; path = AchievementsView.swift; sourceTree = "<group>"; };
		2006 /* SettingsView.swift */ = {isa = PBXFileReference; lastKnownFileType = sourcecode.swift; path = SettingsView.swift; sourceTree = "<group>"; };
		2007 /* SubscriptionView.swift */ = {isa = PBXFileReference; lastKnownFileType = sourcecode.swift; path = SubscriptionView.swift; sourceTree = "<group>"; };
		2008 /* SoundPickerView.swift */ = {isa = PBXFileReference; lastKnownFileType = sourcecode.swift; path = SoundPickerView.swift; sourceTree = "<group>"; };
		2009 /* TimerManager.swift */ = {isa = PBXFileReference; lastKnownFileType = sourcecode.swift; path = TimerManager.swift; sourceTree = "<group>"; };
		2010 /* StatsManager.swift */ = {isa = PBXFileReference; lastKnownFileType = sourcecode.swift; path = StatsManager.swift; sourceTree = "<group>"; };
		2011 /* SoundManager.swift */ = {isa = PBXFileReference; lastKnownFileType = sourcecode.swift; path = SoundManager.swift; sourceTree = "<group>"; };
		2012 /* SubscriptionManager.swift */ = {isa = PBXFileReference; lastKnownFileType = sourcecode.swift; path = SubscriptionManager.swift; sourceTree = "<group>"; };
		2013 /* FocusData.swift */ = {isa = PBXFileReference; lastKnownFileType = sourcecode.swift; path = FocusData.swift; sourceTree = "<group>"; };
		2014 /* AppConstants.swift */ = {isa = PBXFileReference; lastKnownFileType = sourcecode.swift; path = AppConstants.swift; sourceTree = "<group>"; };
		2015 /* Theme.swift */ = {isa = PBXFileReference; lastKnownFileType = sourcecode.swift; path = Theme.swift; sourceTree = "<group>"; };
		2016 /* Assets.xcassets */ = {isa = PBXFileReference; lastKnownFileType = folder.assetcatalog; path = Assets.xcassets; sourceTree = "<group>"; };
		2017 /* Info.plist */ = {isa = PBXFileReference; lastKnownFileType = text.plist.xml; path = Info.plist; sourceTree = "<group>"; };
		2018 /* FocusFlow.app */ = {isa = PBXFileReference; explicitFileType = wrapper.application; includeInIndex = 0; path = FocusFlow.app; sourceTree = BUILT_PRODUCTS_DIR; };
		A26EE98E2F869F0F00E36E96 /* FocusWidgetExtension.appex */ = {isa = PBXFileReference; explicitFileType = "wrapper.app-extension"; includeInIndex = 0; path = FocusWidgetExtension.appex; sourceTree = BUILT_PRODUCTS_DIR; };
		A27E2B6B2F852AAD00B1721A /* FocusFlow.entitlements */ = {isa = PBXFileReference; lastKnownFileType = text.plist.entitlements; path = FocusFlow.entitlements; sourceTree = "<group>"; };
		A27E2B702F853AAB00B1721A /* FocusFlowLiveActivityExtension.appex */ = {isa = PBXFileReference; explicitFileType = "wrapper.app-extension"; includeInIndex = 0; path = FocusFlowLiveActivityExtension.appex; sourceTree = BUILT_PRODUCTS_DIR; };
		A27E2B712F853AAB00B1721A /* WidgetKit.framework */ = {isa = PBXFileReference; lastKnownFileType = wrapper.framework; name = WidgetKit.framework; path = System/Library/Frameworks/WidgetKit.framework; sourceTree = SDKROOT; };
		A27E2B732F853AAB00B1721A /* SwiftUI.framework */ = {isa = PBXFileReference; lastKnownFileType = wrapper.framework; name = SwiftUI.framework; path = System/Library/Frameworks/SwiftUI.framework; sourceTree = SDKROOT; };
		A28163B22F86A8EF00BCF738 /* FocusWidgetExtension.entitlements */ = {isa = PBXFileReference; lastKnownFileType = text.plist.entitlements; path = FocusWidgetExtension.entitlements; sourceTree = "<group>"; };
		A281640D2F87F72B00BCF738 /* ThemeManager.swift */ = {isa = PBXFileReference; lastKnownFileType = sourcecode.swift; path = ThemeManager.swift; sourceTree = "<group>"; };
		A28164332F88831100BCF738 /* AchievementChecker.swift */ = {isa = PBXFileReference; lastKnownFileType = sourcecode.swift; path = AchievementChecker.swift; sourceTree = "<group>"; };
		A28164342F88831100BCF738 /* ExportManager.swift */ = {isa = PBXFileReference; lastKnownFileType = sourcecode.swift; path = ExportManager.swift; sourceTree = "<group>"; };
		A28164352F88831100BCF738 /* iPhoneConnectivityManager.swift */ = {isa = PBXFileReference; lastKnownFileType = sourcecode.swift; path = iPhoneConnectivityManager.swift; sourceTree = "<group>"; };
		A28164362F88831100BCF738 /* WatchSyncData.swift */ = {isa = PBXFileReference; lastKnownFileType = sourcecode.swift; path = WatchSyncData.swift; sourceTree = "<group>"; };
		A281644E2F89142D00BCF738 /* WatchFocusFlow Watch App.app */ = {isa = PBXFileReference; explicitFileType = wrapper.application; includeInIndex = 0; path = "WatchFocusFlow Watch App.app"; sourceTree = BUILT_PRODUCTS_DIR; };
		A281645A2F89142E00BCF738 /* WatchFocusFlow Watch AppTests.xctest */ = {isa = PBXFileReference; explicitFileType = wrapper.cfbundle; includeInIndex = 0; path = "WatchFocusFlow Watch AppTests.xctest"; sourceTree = BUILT_PRODUCTS_DIR; };
		A28164642F89142E00BCF738 /* WatchFocusFlow Watch AppUITests.xctest */ = {isa = PBXFileReference; explicitFileType = wrapper.cfbundle; includeInIndex = 0; path = "WatchFocusFlow Watch AppUITests.xctest"; sourceTree = BUILT_PRODUCTS_DIR; };
		A2E700802F8405D4001D889B /* cafe.mp3 */ = {isa = PBXFileReference; lastKnownFileType = audio.mp3; path = cafe.mp3; sourceTree = "<group>"; };
		A2E700812F8405D4001D889B /* fireplace.mp3 */ = {isa = PBXFileReference; lastKnownFileType = audio.mp3; path = fireplace.mp3; sourceTree = "<group>"; };
		A2E700822F8405D4001D889B /* forest.mp3 */ = {isa = PBXFileReference; lastKnownFileType = audio.mp3; path = forest.mp3; sourceTree = "<group>"; };
		A2E700832F8405D4001D889B /* ocean.mp3 */ = {isa = PBXFileReference; lastKnownFileType = audio.mp3; path = ocean.mp3; sourceTree = "<group>"; };
		A2E700842F8405D4001D889B /* rain.mp3 */ = {isa = PBXFileReference; lastKnownFileType = audio.mp3; path = rain.mp3; sourceTree = "<group>"; };
		A2E700852F8405D4001D889B /* wind.mp3 */ = {isa = PBXFileReference; lastKnownFileType = audio.mp3; path = wind.mp3; sourceTree = "<group>"; };
		A2F4AC762F848564001E0EEB /* HealthKit.framework */ = {isa = PBXFileReference; lastKnownFileType = wrapper.framework; name = HealthKit.framework; path = System/Library/Frameworks/HealthKit.framework; sourceTree = SDKROOT; };
		A2F4AC782F848564001E0EEC /* StoreKit.framework */ = {isa = PBXFileReference; lastKnownFileType = wrapper.framework; name = StoreKit.framework; path = System/Library/Frameworks/StoreKit.framework; sourceTree = SDKROOT; };
		A2FF1001 /* LockScreenManager.swift */ = {isa = PBXFileReference; lastKnownFileType = sourcecode.swift; path = LockScreenManager.swift; sourceTree = "<group>"; };
		A2FF1002 /* NotificationManager.swift */ = {isa = PBXFileReference; lastKnownFileType = sourcecode.swift; path = NotificationManager.swift; sourceTree = "<group>"; };
		A2FF1003 /* ShareManager.swift */ = {isa = PBXFileReference; lastKnownFileType = sourcecode.swift; path = ShareManager.swift; sourceTree = "<group>"; };
		A2FF1004 /* HealthManager.swift */ = {isa = PBXFileReference; lastKnownFileType = sourcecode.swift; path = HealthManager.swift; sourceTree = "<group>"; };
		A2FF1005 /* DurationPickerView.swift */ = {isa = PBXFileReference; lastKnownFileType = sourcecode.swift; path = DurationPickerView.swift; sourceTree = "<group>"; };
/* End PBXFileReference section */

/* Begin PBXFileSystemSynchronizedBuildFileExceptionSet section */
		A26EE9A22F869F1000E36E96 /* PBXFileSystemSynchronizedBuildFileExceptionSet */ = {
			isa = PBXFileSystemSynchronizedBuildFileExceptionSet;
			membershipExceptions = (
				Info.plist,
			);
			target = A26EE98D2F869F0F00E36E96 /* FocusWidgetExtension */;
		};
		A27E2B862F853AAD00B1721A /* PBXFileSystemSynchronizedBuildFileExceptionSet */ = {
			isa = PBXFileSystemSynchronizedBuildFileExceptionSet;
			membershipExceptions = (
				Info.plist,
			);
			target = A27E2B6F2F853AAB00B1721A /* FocusFlowLiveActivityExtension */;
		};
/* End PBXFileSystemSynchronizedBuildFileExceptionSet section */

/* Begin PBXFileSystemSynchronizedRootGroup section */
		A26EE9912F869F0F00E36E96 /* FocusWidget */ = {isa = PBXFileSystemSynchronizedRootGroup; exceptions = (A26EE9A22F869F1000E36E96 /* PBXFileSystemSynchronizedBuildFileExceptionSet */, ); explicitFileTypes = {}; explicitFolders = (); path = FocusWidget; sourceTree = "<group>"; };
		A27E2B752F853AAB00B1721A /* FocusFlowLiveActivity */ = {isa = PBXFileSystemSynchronizedRootGroup; exceptions = (A27E2B862F853AAD00B1721A /* PBXFileSystemSynchronizedBuildFileExceptionSet */, ); explicitFileTypes = {}; explicitFolders = (); path = FocusFlowLiveActivity; sourceTree = "<group>"; };
		A28164402F89131000BCF738 /* WatchFocusFlow */ = {isa = PBXFileSystemSynchronizedRootGroup; explicitFileTypes = {}; explicitFolders = (); path = WatchFocusFlow; sourceTree = "<group>"; };
		A281644F2F89142D00BCF738 /* WatchFocusFlow Watch App */ = {isa = PBXFileSystemSynchronizedRootGroup; explicitFileTypes = {}; explicitFolders = (); path = "WatchFocusFlow Watch App"; sourceTree = "<group>"; };
		A281645D2F89142E00BCF738 /* WatchFocusFlow Watch AppTests */ = {isa = PBXFileSystemSynchronizedRootGroup; explicitFileTypes = {}; explicitFolders = (); path = "WatchFocusFlow Watch AppTests"; sourceTree = "<group>"; };
		A28164672F89142E00BCF738 /* WatchFocusFlow Watch AppUITests */ = {isa = PBXFileSystemSynchronizedRootGroup; explicitFileTypes = {}; explicitFolders = (); path = "WatchFocusFlow Watch AppUITests"; sourceTree = "<group>"; };
/* End PBXFileSystemSynchronizedRootGroup section */

/* Begin PBXFrameworksBuildPhase section */
		3001 /* Frameworks */ = {
			isa = PBXFrameworksBuildPhase;
			buildActionMask = 2147483647;
			files = (
				A2F4AC772F848564001E0EEB /* HealthKit.framework in Frameworks */,
				A2F4AC792F848564001E0EEC /* StoreKit.framework in Frameworks */,
			);
			runOnlyForDeploymentPostprocessing = 0;
		};
		A26EE98B2F869F0F00E36E96 /* Frameworks */ = {
			isa = PBXFrameworksBuildPhase;
			buildActionMask = 2147483647;
			files = (
				A26EE9902F869F0F00E36E96 /* SwiftUI.framework in Frameworks */,
				A26EE98F2F869F0F00E36E96 /* WidgetKit.framework in Frameworks */,
			);
			runOnlyForDeploymentPostprocessing = 0;
		};
		A27E2B6D2F853AAB00B1721A /* Frameworks */ = {
			isa = PBXFrameworksBuildPhase;
			buildActionMask = 2147483647;
			files = (
				A27E2B742F853AAB00B1721A /* SwiftUI.framework in Frameworks */,
				A27E2B722F853AAB00B1721A /* WidgetKit.framework in Frameworks */,
			);
			runOnlyForDeploymentPostprocessing = 0;
		};
		A281644B2F89142D00BCF738 /* Frameworks */ = {
			isa = PBXFrameworksBuildPhase;
			buildActionMask = 2147483647;
			files = (
			);
			runOnlyForDeploymentPostprocessing = 0;
		};
		A28164572F89142E00BCF738 /* Frameworks */ = {
			isa = PBXFrameworksBuildPhase;
			buildActionMask = 2147483647;
			files = (
			);
			runOnlyForDeploymentPostprocessing = 0;
		};
		A28164612F89142E00BCF738 /* Frameworks */ = {
			isa = PBXFrameworksBuildPhase;
			buildActionMask = 2147483647;
			files = (
			);
			runOnlyForDeploymentPostprocessing = 0;
		};
/* End PBXFrameworksBuildPhase section */

/* Begin PBXGroup section */
		4000 = {
			isa = PBXGroup;
			children = (
				A28163B22F86A8EF00BCF738 /* FocusWidgetExtension.entitlements */,
				A27E2B6B2F852AAD00B1721A /* FocusFlow.entitlements */,
				2001 /* FocusFlowApp.swift */,
				A27E2B752F853AAB00B1721A /* FocusFlowLiveActivity */,
				4001 /* Views */,
				4002 /* Managers */,
				4003 /* Models */,
				4004 /* Utilities */,
				A2E700862F8405D4001D889B /* Sounds */,
				A26EE9912F869F0F00E36E96 /* FocusWidget */,
				A28164402F89131000BCF738 /* WatchFocusFlow */,
				A281644F2F89142D00BCF738 /* WatchFocusFlow Watch App */,
				A281645D2F89142E00BCF738 /* WatchFocusFlow Watch AppTests */,
				A28164672F89142E00BCF738 /* WatchFocusFlow Watch AppUITests */,
				A2F4AC752F848564001E0EEB /* Frameworks */,
				2016 /* Assets.xcassets */,
				2017 /* Info.plist */,
				4010 /* Products */,
			);
			sourceTree = "<group>";
		};
		4001 /* Views */ = {
			isa = PBXGroup;
			children = (
				2002 /* ContentView.swift */,
				2003 /* TimerView.swift */,
				2004 /* StatsView.swift */,
				2005 /* AchievementsView.swift */,
				2006 /* SettingsView.swift */,
				2007 /* SubscriptionView.swift */,
				2008 /* SoundPickerView.swift */,
				A2FF1005 /* DurationPickerView.swift */,
			);
			path = Views;
			sourceTree = "<group>";
		};
		4002 /* Managers */ = {
			isa = PBXGroup;
			children = (
				A28164332F88831100BCF738 /* AchievementChecker.swift */,
				A28164342F88831100BCF738 /* ExportManager.swift */,
				A28164352F88831100BCF738 /* iPhoneConnectivityManager.swift */,
				A28164362F88831100BCF738 /* WatchSyncData.swift */,
				A281640D2F87F72B00BCF738 /* ThemeManager.swift */,
				2009 /* TimerManager.swift */,
				2010 /* StatsManager.swift */,
				2011 /* SoundManager.swift */,
				2012 /* SubscriptionManager.swift */,
				A2FF1001 /* LockScreenManager.swift */,
				A2FF1002 /* NotificationManager.swift */,
				A2FF1003 /* ShareManager.swift */,
				A2FF1004 /* HealthManager.swift */,
			);
			path = Managers;
			sourceTree = "<group>";
		};
		4003 /* Models */ = {
			isa = PBXGroup;
			children = (
				2013 /* FocusData.swift */,
			);
			path = Models;
			sourceTree = "<group>";
		};
		4004 /* Utilities */ = {
			isa = PBXGroup;
			children = (
				2014 /* AppConstants.swift */,
				2015 /* Theme.swift */,
			);
			path = Utilities;
			sourceTree = "<group>";
		};
		4010 /* Products */ = {
			isa = PBXGroup;
			children = (
				2018 /* FocusFlow.app */,
				A27E2B702F853AAB00B1721A /* FocusFlowLiveActivityExtension.appex */,
				A26EE98E2F869F0F00E36E96 /* FocusWidgetExtension.appex */,
				A281644E2F89142D00BCF738 /* WatchFocusFlow Watch App.app */,
				A281645A2F89142E00BCF738 /* WatchFocusFlow Watch AppTests.xctest */,
				A28164642F89142E00BCF738 /* WatchFocusFlow Watch AppUITests.xctest */,
			);
			name = Products;
			sourceTree = "<group>";
		};
		A2E700862F8405D4001D889B /* Sounds */ = {
			isa = PBXGroup;
			children = (
				A2E700802F8405D4001D889B /* cafe.mp3 */,
				A2E700812F8405D4001D889B /* fireplace.mp3 */,
				A2E700822F8405D4001D889B /* forest.mp3 */,
				A2E700832F8405D4001D889B /* ocean.mp3 */,
				A2E700842F8405D4001D889B /* rain.mp3 */,
				A2E700852F8405D4001D889B /* wind.mp3 */,
			);
			path = Sounds;
			sourceTree = "<group>";
		};
		A2F4AC752F848564001E0EEB /* Frameworks */ = {
			isa = PBXGroup;
			children = (
				A2F4AC762F848564001E0EEB /* HealthKit.framework */,
				A2F4AC782F848564001E0EEC /* StoreKit.framework */,
				A27E2B712F853AAB00B1721A /* WidgetKit.framework */,
				A27E2B732F853AAB00B1721A /* SwiftUI.framework */,
			);
			name = Frameworks;
			sourceTree = "<group>";
		};
/* End PBXGroup section */

/* Begin PBXNativeTarget section */
		5001 /* FocusFlow */ = {
			isa = PBXNativeTarget;
			buildConfigurationList = 7001 /* Build configuration list for PBXNativeTarget "FocusFlow" */;
			buildPhases = (
				5002 /* Sources */,
				3001 /* Frameworks */,
				5003 /* Resources */,
				A27E2B8A2F853AAD00B1721A /* Embed Foundation Extensions */,
			);
			buildRules = (
			);
			dependencies = (
				A27E2B842F853AAD00B1721A /* PBXTargetDependency */,
				A26EE99E2F869F1000E36E96 /* PBXTargetDependency */,
			);
			name = FocusFlow;
			productName = FocusFlow;
			productReference = 2018 /* FocusFlow.app */;
			productType = "com.apple.product-type.application";
		};
		A26EE98D2F869F0F00E36E96 /* FocusWidgetExtension */ = {
			isa = PBXNativeTarget;
			buildConfigurationList = A26EE9A32F869F1000E36E96 /* Build configuration list for PBXNativeTarget "FocusWidgetExtension" */;
			buildPhases = (
				A26EE98A2F869F0F00E36E96 /* Sources */,
				A26EE98B2F869F0F00E36E96 /* Frameworks */,
				A26EE98C2F869F0F00E36E96 /* Resources */,
			);
			buildRules = (
			);
			dependencies = (
			);
			fileSystemSynchronizedGroups = (
				A26EE9912F869F0F00E36E96 /* FocusWidget */,
			);
			name = FocusWidgetExtension;
			packageProductDependencies = (
			);
			productName = FocusWidgetExtension;
			productReference = A26EE98E2F869F0F00E36E96 /* FocusWidgetExtension.appex */;
			productType = "com.apple.product-type.app-extension";
		};
		A27E2B6F2F853AAB00B1721A /* FocusFlowLiveActivityExtension */ = {
			isa = PBXNativeTarget;
			buildConfigurationList = A27E2B872F853AAD00B1721A /* Build configuration list for PBXNativeTarget "FocusFlowLiveActivityExtension" */;
			buildPhases = (
				A27E2B6C2F853AAB00B1721A /* Sources */,
				A27E2B6D2F853AAB00B1721A /* Frameworks */,
				A27E2B6E2F853AAB00B1721A /* Resources */,
			);
			buildRules = (
			);
			dependencies = (
			);
			fileSystemSynchronizedGroups = (
				A27E2B752F853AAB00B1721A /* FocusFlowLiveActivity */,
			);
			name = FocusFlowLiveActivityExtension;
			packageProductDependencies = (
			);
			productName = FocusFlowLiveActivityExtension;
			productReference = A27E2B702F853AAB00B1721A /* FocusFlowLiveActivityExtension.appex */;
			productType = "com.apple.product-type.app-extension";
		};
		A281644D2F89142D00BCF738 /* WatchFocusFlow Watch App */ = {
			isa = PBXNativeTarget;
			buildConfigurationList = A281646C2F89142E00BCF738 /* Build configuration list for PBXNativeTarget "WatchFocusFlow Watch App" */;
			buildPhases = (
				A281644A2F89142D00BCF738 /* Sources */,
				A281644B2F89142D00BCF738 /* Frameworks */,
				A281644C2F89142D00BCF738 /* Resources */,
			);
			buildRules = (
			);
			dependencies = (
			);
			fileSystemSynchronizedGroups = (
				A281644F2F89142D00BCF738 /* WatchFocusFlow Watch App */,
			);
			name = "WatchFocusFlow Watch App";
			packageProductDependencies = (
			);
			productName = "WatchFocusFlow Watch App";
			productReference = A281644E2F89142D00BCF738 /* WatchFocusFlow Watch App.app */;
			productType = "com.apple.product-type.application";
		};
		A28164592F89142E00BCF738 /* WatchFocusFlow Watch AppTests */ = {
			isa = PBXNativeTarget;
			buildConfigurationList = A281646F2F89142E00BCF738 /* Build configuration list for PBXNativeTarget "WatchFocusFlow Watch AppTests" */;
			buildPhases = (
				A28164562F89142E00BCF738 /* Sources */,
				A28164572F89142E00BCF738 /* Frameworks */,
				A28164582F89142E00BCF738 /* Resources */,
			);
			buildRules = (
			);
			dependencies = (
				A281645C2F89142E00BCF738 /* PBXTargetDependency */,
			);
			fileSystemSynchronizedGroups = (
				A281645D2F89142E00BCF738 /* WatchFocusFlow Watch AppTests */,
			);
			name = "WatchFocusFlow Watch AppTests";
			packageProductDependencies = (
			);
			productName = "WatchFocusFlow Watch AppTests";
			productReference = A281645A2F89142E00BCF738 /* WatchFocusFlow Watch AppTests.xctest */;
			productType = "com.apple.product-type.bundle.unit-test";
		};
		A28164632F89142E00BCF738 /* WatchFocusFlow Watch AppUITests */ = {
			isa = PBXNativeTarget;
			buildConfigurationList = A28164722F89142E00BCF738 /* Build configuration list for PBXNativeTarget "WatchFocusFlow Watch AppUITests" */;
			buildPhases = (
				A28164602F89142E00BCF738 /* Sources */,
				A28164612F89142E00BCF738 /* Frameworks */,
				A28164622F89142E00BCF738 /* Resources */,
			);
			buildRules = (
			);
			dependencies = (
				A28164662F89142E00BCF738 /* PBXTargetDependency */,
			);
			fileSystemSynchronizedGroups = (
				A28164672F89142E00BCF738 /* WatchFocusFlow Watch AppUITests */,
			);
			name = "WatchFocusFlow Watch AppUITests";
			packageProductDependencies = (
			);
			productName = "WatchFocusFlow Watch AppUITests";
			productReference = A28164642F89142E00BCF738 /* WatchFocusFlow Watch AppUITests.xctest */;
			productType = "com.apple.product-type.bundle.ui-testing";
		};
/* End PBXNativeTarget section */

/* Begin PBXProject section */
		6001 /* Project object */ = {
			isa = PBXProject;
			attributes = {
				BuildIndependentTargetsInParallel = 1;
				LastSwiftUpdateCheck = 2640;
				LastUpgradeCheck = 2640;
				TargetAttributes = {
					5001 = {
						CreatedOnToolsVersion = 15.0;
					};
					A26EE98D2F869F0F00E36E96 = {
						CreatedOnToolsVersion = 26.4;
					};
					A27E2B6F2F853AAB00B1721A = {
						CreatedOnToolsVersion = 26.4;
					};
					A281644D2F89142D00BCF738 = {
						CreatedOnToolsVersion = 26.4;
					};
					A28164592F89142E00BCF738 = {
						CreatedOnToolsVersion = 26.4;
						TestTargetID = A281644D2F89142D00BCF738;
					};
					A28164632F89142E00BCF738 = {
						CreatedOnToolsVersion = 26.4;
						TestTargetID = A281644D2F89142D00BCF738;
					};
				};
			};
			buildConfigurationList = 7002 /* Build configuration list for PBXProject "FocusFlow" */;
			compatibilityVersion = "Xcode 14.0";
			developmentRegion = en;
			hasScannedForEncodings = 0;
			knownRegions = (
				en,
				Base,
			);
			mainGroup = 4000;
			productRefGroup = 4010 /* Products */;
			projectDirPath = "";
			projectRoot = "";
			targets = (
				5001 /* FocusFlow */,
				A27E2B6F2F853AAB00B1721A /* FocusFlowLiveActivityExtension */,
				A26EE98D2F869F0F00E36E96 /* FocusWidgetExtension */,
				A281644D2F89142D00BCF738 /* WatchFocusFlow Watch App */,
				A28164592F89142E00BCF738 /* WatchFocusFlow Watch AppTests */,
				A28164632F89142E00BCF738 /* WatchFocusFlow Watch AppUITests */,
			);
		};
/* End PBXProject section */

/* Begin PBXResourcesBuildPhase section */
		5003 /* Resources */ = {
			isa = PBXResourcesBuildPhase;
			buildActionMask = 2147483647;
			files = (
				1016 /* Assets.xcassets in Resources */,
				A2E700872F8405D4001D889B /* rain.mp3 in Resources */,
				A2E700882F8405D4001D889B /* ocean.mp3 in Resources */,
				A2E700892F8405D4001D889B /* forest.mp3 in Resources */,
				A2E7008A2F8405D4001D889B /* fireplace.mp3 in Resources */,
				A2E7008B2F8405D4001D889B /* cafe.mp3 in Resources */,
				A2E7008C2F8405D4001D889B /* wind.mp3 in Resources */,
			);
			runOnlyForDeploymentPostprocessing = 0;
		};
		A26EE98C2F869F0F00E36E96 /* Resources */ = {
			isa = PBXResourcesBuildPhase;
			buildActionMask = 2147483647;
			files = (
			);
			runOnlyForDeploymentPostprocessing = 0;
		};
		A27E2B6E2F853AAB00B1721A /* Resources */ = {
			isa = PBXResourcesBuildPhase;
			buildActionMask = 2147483647;
			files = (
			);
			runOnlyForDeploymentPostprocessing = 0;
		};
		A281644C2F89142D00BCF738 /* Resources */ = {
			isa = PBXResourcesBuildPhase;
			buildActionMask = 2147483647;
			files = (
			);
			runOnlyForDeploymentPostprocessing = 0;
		};
		A28164582F89142E00BCF738 /* Resources */ = {
			isa = PBXResourcesBuildPhase;
			buildActionMask = 2147483647;
			files = (
			);
			runOnlyForDeploymentPostprocessing = 0;
		};
		A28164622F89142E00BCF738 /* Resources */ = {
			isa = PBXResourcesBuildPhase;
			buildActionMask = 2147483647;
			files = (
			);
			runOnlyForDeploymentPostprocessing = 0;
		};
/* End PBXResourcesBuildPhase section */

/* Begin PBXSourcesBuildPhase section */
		5002 /* Sources */ = {
			isa = PBXSourcesBuildPhase;
			buildActionMask = 2147483647;
			files = (
				1001 /* FocusFlowApp.swift in Sources */,
				1002 /* ContentView.swift in Sources */,
				1003 /* TimerView.swift in Sources */,
				1004 /* StatsView.swift in Sources */,
				1005 /* AchievementsView.swift in Sources */,
				A28164372F88831100BCF738 /* iPhoneConnectivityManager.swift in Sources */,
				A28164382F88831100BCF738 /* WatchSyncData.swift in Sources */,
				A28164392F88831100BCF738 /* ExportManager.swift in Sources */,
				A281643A2F88831100BCF738 /* AchievementChecker.swift in Sources */,
				1006 /* SettingsView.swift in Sources */,
				1007 /* SubscriptionView.swift in Sources */,
				1008 /* SoundPickerView.swift in Sources */,
				1009 /* TimerManager.swift in Sources */,
				1010 /* StatsManager.swift in Sources */,
				1011 /* SoundManager.swift in Sources */,
				1012 /* SubscriptionManager.swift in Sources */,
				1013 /* FocusData.swift in Sources */,
				1014 /* AppConstants.swift in Sources */,
				1015 /* Theme.swift in Sources */,
				A2FF0001 /* LockScreenManager.swift in Sources */,
				A2FF0002 /* NotificationManager.swift in Sources */,
				A2FF0003 /* ShareManager.swift in Sources */,
				A2FF0004 /* HealthManager.swift in Sources */,
				A2FF0005 /* DurationPickerView.swift in Sources */,
				A281640E2F87F72B00BCF738 /* ThemeManager.swift in Sources */,
			);
			runOnlyForDeploymentPostprocessing = 0;
		};
		A26EE98A2F869F0F00E36E96 /* Sources */ = {
			isa = PBXSourcesBuildPhase;
			buildActionMask = 2147483647;
			files = (
			);
			runOnlyForDeploymentPostprocessing = 0;
		};
		A27E2B6C2F853AAB00B1721A /* Sources */ = {
			isa = PBXSourcesBuildPhase;
			buildActionMask = 2147483647;
			files = (
			);
			runOnlyForDeploymentPostprocessing = 0;
		};
		A281644A2F89142D00BCF738 /* Sources */ = {
			isa = PBXSourcesBuildPhase;
			buildActionMask = 2147483647;
			files = (
			);
			runOnlyForDeploymentPostprocessing = 0;
		};
		A28164562F89142E00BCF738 /* Sources */ = {
			isa = PBXSourcesBuildPhase;
			buildActionMask = 2147483647;
			files = (
			);
			runOnlyForDeploymentPostprocessing = 0;
		};
		A28164602F89142E00BCF738 /* Sources */ = {
			isa = PBXSourcesBuildPhase;
			buildActionMask = 2147483647;
			files = (
			);
			runOnlyForDeploymentPostprocessing = 0;
		};
/* End PBXSourcesBuildPhase section */

/* Begin PBXTargetDependency section */
		A26EE99E2F869F1000E36E96 /* PBXTargetDependency */ = {
			isa = PBXTargetDependency;
			target = A26EE98D2F869F0F00E36E96 /* FocusWidgetExtension */;
			targetProxy = A26EE99D2F869F1000E36E96 /* PBXContainerItemProxy */;
		};
		A27E2B842F853AAD00B1721A /* PBXTargetDependency */ = {
			isa = PBXTargetDependency;
			target = A27E2B6F2F853AAB00B1721A /* FocusFlowLiveActivityExtension */;
			targetProxy = A27E2B832F853AAD00B1721A /* PBXContainerItemProxy */;
		};
		A281645C2F89142E00BCF738 /* PBXTargetDependency */ = {
			isa = PBXTargetDependency;
			target = A281644D2F89142D00BCF738 /* WatchFocusFlow Watch App */;
			targetProxy = A281645B2F89142E00BCF738 /* PBXContainerItemProxy */;
		};
		A28164662F89142E00BCF738 /* PBXTargetDependency */ = {
			isa = PBXTargetDependency;
			target = A281644D2F89142D00BCF738 /* WatchFocusFlow Watch App */;
			targetProxy = A28164652F89142E00BCF738 /* PBXContainerItemProxy */;
		};
/* End PBXTargetDependency section */

/* Begin XCBuildConfiguration section */
		7003 /* Debug */ = {
			isa = XCBuildConfiguration;
			buildSettings = {
				ALWAYS_SEARCH_USER_PATHS = NO;
				CLANG_CXX_LANGUAGE_STANDARD = "gnu++20";
				CLANG_ENABLE_MODULES = YES;
				CLANG_ENABLE_OBJC_ARC = YES;
				CLANG_WARN_BLOCK_CAPTURE_AUTORELEASING = YES;
				CLANG_WARN_BOOL_CONVERSION = YES;
				CLANG_WARN_COMMA = YES;
				CLANG_WARN_CONSTANT_CONVERSION = YES;
				CLANG_WARN_DEPRECATED_OBJC_IMPLEMENTATIONS = YES;
				CLANG_WARN_EMPTY_BODY = YES;
				CLANG_WARN_ENUM_CONVERSION = YES;
				CLANG_WARN_INFINITE_RECURSION = YES;
				CLANG_WARN_INT_CONVERSION = YES;
				CLANG_WARN_NON_LITERAL_NULL_CONVERSION = YES;
				CLANG_WARN_OBJC_IMPLICIT_RETAIN_SELF = YES;
				CLANG_WARN_OBJC_LITERAL_CONVERSION = YES;
				CLANG_WARN_QUOTED_INCLUDE_IN_FRAMEWORK_HEADER = YES;
				CLANG_WARN_RANGE_LOOP_ANALYSIS = YES;
				CLANG_WARN_STRICT_PROTOTYPES = YES;
				CLANG_WARN_SUSPICIOUS_MOVE = YES;
				CLANG_WARN_UNREACHABLE_CODE = YES;
				CLANG_WARN__DUPLICATE_METHOD_MATCH = YES;
				COPY_PHASE_STRIP = NO;
				DEBUG_INFORMATION_FORMAT = dwarf;
				DEVELOPMENT_TEAM = U3K2PB6KBJ;
				ENABLE_STRICT_OBJC_MSGSEND = YES;
				ENABLE_TESTABILITY = YES;
				ENABLE_USER_SCRIPT_SANDBOXING = YES;
				GCC_C_LANGUAGE_STANDARD = gnu17;
				GCC_DYNAMIC_NO_PIC = NO;
				GCC_NO_COMMON_BLOCKS = YES;
				GCC_OPTIMIZATION_LEVEL = 0;
				GCC_PREPROCESSOR_DEFINITIONS = (
					"DEBUG=1",
					"$(inherited)",
				);
				GCC_WARN_64_TO_32_BIT_CONVERSION = YES;
				GCC_WARN_ABOUT_RETURN_TYPE = YES_ERROR;
				GCC_WARN_UNDECLARED_SELECTOR = YES;
				GCC_WARN_UNINITIALIZED_AUTOS = YES_AGGRESSIVE;
				GCC_WARN_UNUSED_FUNCTION = YES;
				GCC_WARN_UNUSED_VARIABLE = YES;
				IPHONEOS_DEPLOYMENT_TARGET = 17.0;
				MTL_ENABLE_DEBUG_INFO = INCLUDE_SOURCE;
				MTL_FAST_MATH = YES;
				ONLY_ACTIVE_ARCH = YES;
				SDKROOT = iphoneos;
				STRING_CATALOG_GENERATE_SYMBOLS = YES;
				SWIFT_ACTIVE_COMPILATION_CONDITIONS = DEBUG;
				SWIFT_OPTIMIZATION_LEVEL = "-Onone";
			};
			name = Debug;
		};
		7004 /* Release */ = {
			isa = XCBuildConfiguration;
			buildSettings = {
				ALWAYS_SEARCH_USER_PATHS = NO;
				CLANG_CXX_LANGUAGE_STANDARD = "gnu++20";
				CLANG_ENABLE_MODULES = YES;
				CLANG_ENABLE_OBJC_ARC = YES;
				CLANG_WARN_BLOCK_CAPTURE_AUTORELEASING = YES;
				CLANG_WARN_BOOL_CONVERSION = YES;
				CLANG_WARN_COMMA = YES;
				CLANG_WARN_CONSTANT_CONVERSION = YES;
				CLANG_WARN_DEPRECATED_OBJC_IMPLEMENTATIONS = YES;
				CLANG_WARN_EMPTY_BODY = YES;
				CLANG_WARN_ENUM_CONVERSION = YES;
				CLANG_WARN_INFINITE_RECURSION = YES;
				CLANG_WARN_INT_CONVERSION = YES;
				CLANG_WARN_NON_LITERAL_NULL_CONVERSION = YES;
				CLANG_WARN_OBJC_IMPLICIT_RETAIN_SELF = YES;
				CLANG_WARN_OBJC_LITERAL_CONVERSION = YES;
				CLANG_WARN_QUOTED_INCLUDE_IN_FRAMEWORK_HEADER = YES;
				CLANG_WARN_RANGE_LOOP_ANALYSIS = YES;
				CLANG_WARN_STRICT_PROTOTYPES = YES;
				CLANG_WARN_SUSPICIOUS_MOVE = YES;
				CLANG_WARN_UNREACHABLE_CODE = YES;
				CLANG_WARN__DUPLICATE_METHOD_MATCH = YES;
				COPY_PHASE_STRIP = NO;
				DEBUG_INFORMATION_FORMAT = "dwarf-with-dsym";
				DEVELOPMENT_TEAM = U3K2PB6KBJ;
				ENABLE_NS_ASSERTIONS = NO;
				ENABLE_STRICT_OBJC_MSGSEND = YES;
				ENABLE_USER_SCRIPT_SANDBOXING = YES;
				GCC_C_LANGUAGE_STANDARD = gnu17;
				GCC_NO_COMMON_BLOCKS = YES;
				GCC_WARN_64_TO_32_BIT_CONVERSION = YES;
				GCC_WARN_ABOUT_RETURN_TYPE = YES_ERROR;
				GCC_WARN_UNDECLARED_SELECTOR = YES;
				GCC_WARN_UNINITIALIZED_AUTOS = YES_AGGRESSIVE;
				GCC_WARN_UNUSED_FUNCTION = YES;
				GCC_WARN_UNUSED_VARIABLE = YES;
				IPHONEOS_DEPLOYMENT_TARGET = 17.0;
				MTL_ENABLE_DEBUG_INFO = NO;
				MTL_FAST_MATH = YES;
				SDKROOT = iphoneos;
				STRING_CATALOG_GENERATE_SYMBOLS = YES;
				SWIFT_COMPILATION_MODE = wholemodule;
				VALIDATE_PRODUCT = YES;
			};
			name = Release;
		};
		7005 /* Debug */ = {
			isa = XCBuildConfiguration;
			buildSettings = {
				ASSETCATALOG_COMPILER_APPICON_NAME = AppIcon;
				ASSETCATALOG_COMPILER_GLOBAL_ACCENT_COLOR_NAME = AccentColor;
				CODE_SIGN_ENTITLEMENTS = FocusFlow.entitlements;
				CODE_SIGN_IDENTITY = "Apple Development";
				CODE_SIGN_STYLE = Automatic;
				CURRENT_PROJECT_VERSION = 3;
				DEVELOPMENT_TEAM = K234XS667P;
				ENABLE_PREVIEWS = YES;
				GENERATE_INFOPLIST_FILE = NO;
				INFOPLIST_FILE = "$(SRCROOT)/Info.plist";
				INFOPLIST_KEY_UIApplicationSupportsIndirectInputEvents = YES;
				INFOPLIST_KEY_UISupportedInterfaceOrientations = UIInterfaceOrientationPortrait;
				INFOPLIST_KEY_UISupportedInterfaceOrientations_iPad = "UIInterfaceOrientationLandscapeLeft UIInterfaceOrientationLandscapeRight UIInterfaceOrientationPortrait UIInterfaceOrientationPortraitUpsideDown";
				IPHONEOS_DEPLOYMENT_TARGET = 17.0;
				LD_RUNPATH_SEARCH_PATHS = (
					"$(inherited)",
					"@executable_path/Frameworks",
				);
				MARKETING_VERSION = 1.1.0;
				PRODUCT_BUNDLE_IDENTIFIER = com.fireny.focusflow2026;
				PRODUCT_NAME = "$(TARGET_NAME)";
				PROVISIONING_PROFILE_SPECIFIER = "";
				SUPPORTED_PLATFORMS = "iphoneos iphonesimulator";
				SUPPORTS_MACCATALYST = NO;
				SWIFT_EMIT_LOC_STRINGS = YES;
				SWIFT_VERSION = 5.0;
				TARGETED_DEVICE_FAMILY = "1,2";
			};
			name = Debug;
		};
		7006 /* Release */ = {
			isa = XCBuildConfiguration;
			buildSettings = {
				ASSETCATALOG_COMPILER_APPICON_NAME = AppIcon;
				ASSETCATALOG_COMPILER_GLOBAL_ACCENT_COLOR_NAME = AccentColor;
				CODE_SIGN_ENTITLEMENTS = FocusFlow.entitlements;
				CODE_SIGN_IDENTITY = "Apple Development";
				CODE_SIGN_STYLE = Automatic;
				CURRENT_PROJECT_VERSION = 3;
				DEVELOPMENT_TEAM = K234XS667P;
				ENABLE_PREVIEWS = YES;
				GENERATE_INFOPLIST_FILE = NO;
				INFOPLIST_FILE = "$(SRCROOT)/Info.plist";
				INFOPLIST_KEY_UIApplicationSupportsIndirectInputEvents = YES;
				INFOPLIST_KEY_UISupportedInterfaceOrientations = UIInterfaceOrientationPortrait;
				INFOPLIST_KEY_UISupportedInterfaceOrientations_iPad = "UIInterfaceOrientationLandscapeLeft UIInterfaceOrientationLandscapeRight UIInterfaceOrientationPortrait UIInterfaceOrientationPortraitUpsideDown";
				IPHONEOS_DEPLOYMENT_TARGET = 17.0;
				LD_RUNPATH_SEARCH_PATHS = (
					"$(inherited)",
					"@executable_path/Frameworks",
				);
				MARKETING_VERSION = 1.1.0;
				PRODUCT_BUNDLE_IDENTIFIER = com.fireny.focusflow2026;
				PRODUCT_NAME = "$(TARGET_NAME)";
				PROVISIONING_PROFILE_SPECIFIER = "";
				SUPPORTED_PLATFORMS = "iphoneos iphonesimulator";
				SUPPORTS_MACCATALYST = NO;
				SWIFT_EMIT_LOC_STRINGS = YES;
				SWIFT_VERSION = 5.0;
				TARGETED_DEVICE_FAMILY = "1,2";
			};
			name = Release;
		};
		A26EE9A02F869F1000E36E96 /* Debug */ = {
			isa = XCBuildConfiguration;
			buildSettings = {
				ASSETCATALOG_COMPILER_GENERATE_SWIFT_ASSET_SYMBOL_EXTENSIONS = YES;
				ASSETCATALOG_COMPILER_GLOBAL_ACCENT_COLOR_NAME = AccentColor;
				ASSETCATALOG_COMPILER_WIDGET_BACKGROUND_COLOR_NAME = WidgetBackground;
				CLANG_ANALYZER_NONNULL = YES;
				CLANG_ANALYZER_NUMBER_OBJECT_CONVERSION = YES_AGGRESSIVE;
				CLANG_ENABLE_OBJC_WEAK = YES;
				CLANG_WARN_DIRECT_OBJC_ISA_USAGE = YES_ERROR;
				CLANG_WARN_DOCUMENTATION_COMMENTS = YES;
				CLANG_WARN_OBJC_ROOT_CLASS = YES_ERROR;
				CLANG_WARN_UNGUARDED_AVAILABILITY = YES_AGGRESSIVE;
				CODE_SIGN_ENTITLEMENTS = FocusWidgetExtension.entitlements;
				CODE_SIGN_IDENTITY = "Apple Development";
				CODE_SIGN_STYLE = Automatic;
				CURRENT_PROJECT_VERSION = 3;
				DEVELOPMENT_TEAM = K234XS667P;
				GENERATE_INFOPLIST_FILE = YES;
				INFOPLIST_FILE = FocusWidget/Info.plist;
				INFOPLIST_KEY_CFBundleDisplayName = FocusWidget;
				INFOPLIST_KEY_NSHumanReadableCopyright = "";
				IPHONEOS_DEPLOYMENT_TARGET = 26.4;
				LD_RUNPATH_SEARCH_PATHS = (
					"$(inherited)",
					"@executable_path/Frameworks",
					"@executable_path/../../Frameworks",
				);
				LOCALIZATION_PREFERS_STRING_CATALOGS = YES;
				MARKETING_VERSION = 1.1.0;
				PRODUCT_BUNDLE_IDENTIFIER = com.fireny.focusflow2026.FocusWidget;
				PRODUCT_NAME = "$(TARGET_NAME)";
				SKIP_INSTALL = YES;
				STRING_CATALOG_GENERATE_SYMBOLS = YES;
				SWIFT_ACTIVE_COMPILATION_CONDITIONS = "DEBUG $(inherited)";
				SWIFT_APPROACHABLE_CONCURRENCY = YES;
				SWIFT_EMIT_LOC_STRINGS = YES;
				SWIFT_UPCOMING_FEATURE_MEMBER_IMPORT_VISIBILITY = YES;
				SWIFT_VERSION = 5.0;
				TARGETED_DEVICE_FAMILY = "1,2";
			};
			name = Debug;
		};
		A26EE9A12F869F1000E36E96 /* Release */ = {
			isa = XCBuildConfiguration;
			buildSettings = {
				ASSETCATALOG_COMPILER_GENERATE_SWIFT_ASSET_SYMBOL_EXTENSIONS = YES;
				ASSETCATALOG_COMPILER_GLOBAL_ACCENT_COLOR_NAME = AccentColor;
				ASSETCATALOG_COMPILER_WIDGET_BACKGROUND_COLOR_NAME = WidgetBackground;
				CLANG_ANALYZER_NONNULL = YES;
				CLANG_ANALYZER_NUMBER_OBJECT_CONVERSION = YES_AGGRESSIVE;
				CLANG_ENABLE_OBJC_WEAK = YES;
				CLANG_WARN_DIRECT_OBJC_ISA_USAGE = YES_ERROR;
				CLANG_WARN_DOCUMENTATION_COMMENTS = YES;
				CLANG_WARN_OBJC_ROOT_CLASS = YES_ERROR;
				CLANG_WARN_UNGUARDED_AVAILABILITY = YES_AGGRESSIVE;
				CODE_SIGN_ENTITLEMENTS = FocusWidgetExtension.entitlements;
				CODE_SIGN_IDENTITY = "Apple Development";
				CODE_SIGN_STYLE = Automatic;
				CURRENT_PROJECT_VERSION = 3;
				DEVELOPMENT_TEAM = K234XS667P;
				GENERATE_INFOPLIST_FILE = YES;
				INFOPLIST_FILE = FocusWidget/Info.plist;
				INFOPLIST_KEY_CFBundleDisplayName = FocusWidget;
				INFOPLIST_KEY_NSHumanReadableCopyright = "";
				IPHONEOS_DEPLOYMENT_TARGET = 26.4;
				LD_RUNPATH_SEARCH_PATHS = (
					"$(inherited)",
					"@executable_path/Frameworks",
					"@executable_path/../../Frameworks",
				);
				LOCALIZATION_PREFERS_STRING_CATALOGS = YES;
				MARKETING_VERSION = 1.1.0;
				PRODUCT_BUNDLE_IDENTIFIER = com.fireny.focusflow2026.FocusWidget;
				PRODUCT_NAME = "$(TARGET_NAME)";
				SKIP_INSTALL = YES;
				STRING_CATALOG_GENERATE_SYMBOLS = YES;
				SWIFT_APPROACHABLE_CONCURRENCY = YES;
				SWIFT_EMIT_LOC_STRINGS = YES;
				SWIFT_UPCOMING_FEATURE_MEMBER_IMPORT_VISIBILITY = YES;
				SWIFT_VERSION = 5.0;
				TARGETED_DEVICE_FAMILY = "1,2";
			};
			name = Release;
		};
		A27E2B882F853AAD00B1721A /* Debug */ = {
			isa = XCBuildConfiguration;
			buildSettings = {
				ASSETCATALOG_COMPILER_GENERATE_SWIFT_ASSET_SYMBOL_EXTENSIONS = YES;
				ASSETCATALOG_COMPILER_GLOBAL_ACCENT_COLOR_NAME = AccentColor;
				ASSETCATALOG_COMPILER_WIDGET_BACKGROUND_COLOR_NAME = WidgetBackground;
				CLANG_ANALYZER_NONNULL = YES;
				CLANG_ANALYZER_NUMBER_OBJECT_CONVERSION = YES_AGGRESSIVE;
				CLANG_ENABLE_OBJC_WEAK = YES;
				CLANG_WARN_DIRECT_OBJC_ISA_USAGE = YES_ERROR;
				CLANG_WARN_DOCUMENTATION_COMMENTS = YES;
				CLANG_WARN_OBJC_ROOT_CLASS = YES_ERROR;
				CLANG_WARN_UNGUARDED_AVAILABILITY = YES_AGGRESSIVE;
				CODE_SIGN_IDENTITY = "Apple Development";
				CODE_SIGN_STYLE = Automatic;
				CURRENT_PROJECT_VERSION = 3;
				DEVELOPMENT_TEAM = K234XS667P;
				GENERATE_INFOPLIST_FILE = YES;
				INFOPLIST_FILE = FocusFlowLiveActivity/Info.plist;
				INFOPLIST_KEY_CFBundleDisplayName = FocusFlowLiveActivity;
				INFOPLIST_KEY_NSHumanReadableCopyright = "";
				IPHONEOS_DEPLOYMENT_TARGET = 26.4;
				LD_RUNPATH_SEARCH_PATHS = (
					"$(inherited)",
					"@executable_path/Frameworks",
					"@executable_path/../../Frameworks",
				);
				LOCALIZATION_PREFERS_STRING_CATALOGS = YES;
				MARKETING_VERSION = 1.1.0;
				PRODUCT_BUNDLE_IDENTIFIER = com.fireny.focusflow2026.FocusFlowLiveActivity;
				PRODUCT_NAME = "$(TARGET_NAME)";
				SKIP_INSTALL = YES;
				STRING_CATALOG_GENERATE_SYMBOLS = YES;
				SWIFT_ACTIVE_COMPILATION_CONDITIONS = "DEBUG $(inherited)";
				SWIFT_APPROACHABLE_CONCURRENCY = YES;
				SWIFT_EMIT_LOC_STRINGS = YES;
				SWIFT_UPCOMING_FEATURE_MEMBER_IMPORT_VISIBILITY = YES;
				SWIFT_VERSION = 5.0;
				TARGETED_DEVICE_FAMILY = "1,2";
			};
			name = Debug;
		};
		A27E2B892F853AAD00B1721A /* Release */ = {
			isa = XCBuildConfiguration;
			buildSettings = {
				ASSETCATALOG_COMPILER_GENERATE_SWIFT_ASSET_SYMBOL_EXTENSIONS = YES;
				ASSETCATALOG_COMPILER_GLOBAL_ACCENT_COLOR_NAME = AccentColor;
				ASSETCATALOG_COMPILER_WIDGET_BACKGROUND_COLOR_NAME = WidgetBackground;
				CLANG_ANALYZER_NONNULL = YES;
				CLANG_ANALYZER_NUMBER_OBJECT_CONVERSION = YES_AGGRESSIVE;
				CLANG_ENABLE_OBJC_WEAK = YES;
				CLANG_WARN_DIRECT_OBJC_ISA_USAGE = YES_ERROR;
				CLANG_WARN_DOCUMENTATION_COMMENTS = YES;
				CLANG_WARN_OBJC_ROOT_CLASS = YES_ERROR;
				CLANG_WARN_UNGUARDED_AVAILABILITY = YES_AGGRESSIVE;
				CODE_SIGN_IDENTITY = "Apple Development";
				CODE_SIGN_STYLE = Automatic;
				CURRENT_PROJECT_VERSION = 3;
				DEVELOPMENT_TEAM = K234XS667P;
				GENERATE_INFOPLIST_FILE = YES;
				INFOPLIST_FILE = FocusFlowLiveActivity/Info.plist;
				INFOPLIST_KEY_CFBundleDisplayName = FocusFlowLiveActivity;
				INFOPLIST_KEY_NSHumanReadableCopyright = "";
				IPHONEOS_DEPLOYMENT_TARGET = 26.4;
				LD_RUNPATH_SEARCH_PATHS = (
					"$(inherited)",
					"@executable_path/Frameworks",
					"@executable_path/../../Frameworks",
				);
				LOCALIZATION_PREFERS_STRING_CATALOGS = YES;
				MARKETING_VERSION = 1.1.0;
				PRODUCT_BUNDLE_IDENTIFIER = com.fireny.focusflow2026.FocusFlowLiveActivity;
				PRODUCT_NAME = "$(TARGET_NAME)";
				SKIP_INSTALL = YES;
				STRING_CATALOG_GENERATE_SYMBOLS = YES;
				SWIFT_APPROACHABLE_CONCURRENCY = YES;
				SWIFT_EMIT_LOC_STRINGS = YES;
				SWIFT_UPCOMING_FEATURE_MEMBER_IMPORT_VISIBILITY = YES;
				SWIFT_VERSION = 5.0;
				TARGETED_DEVICE_FAMILY = "1,2";
			};
			name = Release;
		};
		A281646D2F89142E00BCF738 /* Debug */ = {
			isa = XCBuildConfiguration;
			buildSettings = {
				ASSETCATALOG_COMPILER_APPICON_NAME = AppIcon;
				ASSETCATALOG_COMPILER_GENERATE_SWIFT_ASSET_SYMBOL_EXTENSIONS = YES;
				ASSETCATALOG_COMPILER_GLOBAL_ACCENT_COLOR_NAME = AccentColor;
				CLANG_ANALYZER_NONNULL = YES;
				CLANG_ANALYZER_NUMBER_OBJECT_CONVERSION = YES_AGGRESSIVE;
				CLANG_ENABLE_OBJC_WEAK = YES;
				CLANG_WARN_DIRECT_OBJC_ISA_USAGE = YES_ERROR;
				CLANG_WARN_DOCUMENTATION_COMMENTS = YES;
				CLANG_WARN_OBJC_ROOT_CLASS = YES_ERROR;
				CLANG_WARN_UNGUARDED_AVAILABILITY = YES_AGGRESSIVE;
				CODE_SIGN_STYLE = Automatic;
				CURRENT_PROJECT_VERSION = 1;
				DEVELOPMENT_TEAM = K234XS667P;
				ENABLE_PREVIEWS = YES;
				GENERATE_INFOPLIST_FILE = YES;
				INFOPLIST_KEY_CFBundleDisplayName = WatchFocusFlow;
				INFOPLIST_KEY_UISupportedInterfaceOrientations = "UIInterfaceOrientationPortrait UIInterfaceOrientationPortraitUpsideDown";
				INFOPLIST_KEY_WKCompanionAppBundleIdentifier = com.fireny.focusflow2026;
				LD_RUNPATH_SEARCH_PATHS = (
					"$(inherited)",
					"@executable_path/Frameworks",
				);
				LOCALIZATION_PREFERS_STRING_CATALOGS = YES;
				MARKETING_VERSION = 1.0;
				PRODUCT_BUNDLE_IDENTIFIER = com.fireny.focusflow2026.watch;
				PRODUCT_NAME = "$(TARGET_NAME)";
				SDKROOT = watchos;
				SKIP_INSTALL = YES;
				STRING_CATALOG_GENERATE_SYMBOLS = YES;
				SWIFT_ACTIVE_COMPILATION_CONDITIONS = "DEBUG $(inherited)";
				SWIFT_APPROACHABLE_CONCURRENCY = YES;
				SWIFT_DEFAULT_ACTOR_ISOLATION = MainActor;
				SWIFT_EMIT_LOC_STRINGS = YES;
				SWIFT_UPCOMING_FEATURE_MEMBER_IMPORT_VISIBILITY = YES;
				SWIFT_VERSION = 5.0;
				TARGETED_DEVICE_FAMILY = 4;
				WATCHOS_DEPLOYMENT_TARGET = 26.4;
			};
			name = Debug;
		};
		A281646E2F89142E00BCF738 /* Release */ = {
			isa = XCBuildConfiguration;
			buildSettings = {
				ASSETCATALOG_COMPILER_APPICON_NAME = AppIcon;
				ASSETCATALOG_COMPILER_GENERATE_SWIFT_ASSET_SYMBOL_EXTENSIONS = YES;
				ASSETCATALOG_COMPILER_GLOBAL_ACCENT_COLOR_NAME = AccentColor;
				CLANG_ANALYZER_NONNULL = YES;
				CLANG_ANALYZER_NUMBER_OBJECT_CONVERSION = YES_AGGRESSIVE;
				CLANG_ENABLE_OBJC_WEAK = YES;
				CLANG_WARN_DIRECT_OBJC_ISA_USAGE = YES_ERROR;
				CLANG_WARN_DOCUMENTATION_COMMENTS = YES;
				CLANG_WARN_OBJC_ROOT_CLASS = YES_ERROR;
				CLANG_WARN_UNGUARDED_AVAILABILITY = YES_AGGRESSIVE;
				CODE_SIGN_STYLE = Automatic;
				CURRENT_PROJECT_VERSION = 1;
				DEVELOPMENT_TEAM = K234XS667P;
				ENABLE_PREVIEWS = YES;
				GENERATE_INFOPLIST_FILE = YES;
				INFOPLIST_KEY_CFBundleDisplayName = WatchFocusFlow;
				INFOPLIST_KEY_UISupportedInterfaceOrientations = "UIInterfaceOrientationPortrait UIInterfaceOrientationPortraitUpsideDown";
				INFOPLIST_KEY_WKCompanionAppBundleIdentifier = com.fireny.focusflow2026;
				LD_RUNPATH_SEARCH_PATHS = (
					"$(inherited)",
					"@executable_path/Frameworks",
				);
				LOCALIZATION_PREFERS_STRING_CATALOGS = YES;
				MARKETING_VERSION = 1.0;
				PRODUCT_BUNDLE_IDENTIFIER = com.fireny.focusflow2026.watch;
				PRODUCT_NAME = "$(TARGET_NAME)";
				SDKROOT = watchos;
				SKIP_INSTALL = YES;
				STRING_CATALOG_GENERATE_SYMBOLS = YES;
				SWIFT_APPROACHABLE_CONCURRENCY = YES;
				SWIFT_DEFAULT_ACTOR_ISOLATION = MainActor;
				SWIFT_EMIT_LOC_STRINGS = YES;
				SWIFT_UPCOMING_FEATURE_MEMBER_IMPORT_VISIBILITY = YES;
				SWIFT_VERSION = 5.0;
				TARGETED_DEVICE_FAMILY = 4;
				WATCHOS_DEPLOYMENT_TARGET = 26.4;
			};
			name = Release;
		};
		A28164702F89142E00BCF738 /* Debug */ = {
			isa = XCBuildConfiguration;
			buildSettings = {
				ASSETCATALOG_COMPILER_GENERATE_SWIFT_ASSET_SYMBOL_EXTENSIONS = YES;
				BUNDLE_LOADER = "$(TEST_HOST)";
				CLANG_ANALYZER_NONNULL = YES;
				CLANG_ANALYZER_NUMBER_OBJECT_CONVERSION = YES_AGGRESSIVE;
				CLANG_ENABLE_OBJC_WEAK = YES;
				CLANG_WARN_DIRECT_OBJC_ISA_USAGE = YES_ERROR;
				CLANG_WARN_DOCUMENTATION_COMMENTS = YES;
				CLANG_WARN_OBJC_ROOT_CLASS = YES_ERROR;
				CLANG_WARN_UNGUARDED_AVAILABILITY = YES_AGGRESSIVE;
				CODE_SIGN_STYLE = Automatic;
				CURRENT_PROJECT_VERSION = 1;
				DEVELOPMENT_TEAM = K234XS667P;
				GENERATE_INFOPLIST_FILE = YES;
				LOCALIZATION_PREFERS_STRING_CATALOGS = YES;
				MARKETING_VERSION = 1.0;
				PRODUCT_BUNDLE_IDENTIFIER = "com.fireny.WatchFocusFlow-Watch-AppTests";
				PRODUCT_NAME = "$(TARGET_NAME)";
				SDKROOT = watchos;
				STRING_CATALOG_GENERATE_SYMBOLS = NO;
				SWIFT_ACTIVE_COMPILATION_CONDITIONS = "DEBUG $(inherited)";
				SWIFT_APPROACHABLE_CONCURRENCY = YES;
				SWIFT_EMIT_LOC_STRINGS = NO;
				SWIFT_UPCOMING_FEATURE_MEMBER_IMPORT_VISIBILITY = YES;
				SWIFT_VERSION = 5.0;
				TARGETED_DEVICE_FAMILY = 4;
				TEST_HOST = "$(BUILT_PRODUCTS_DIR)/WatchFocusFlow Watch App.app/$(BUNDLE_EXECUTABLE_FOLDER_PATH)/WatchFocusFlow Watch App";
				WATCHOS_DEPLOYMENT_TARGET = 26.4;
			};
			name = Debug;
		};
		A28164712F89142E00BCF738 /* Release */ = {
			isa = XCBuildConfiguration;
			buildSettings = {
				ASSETCATALOG_COMPILER_GENERATE_SWIFT_ASSET_SYMBOL_EXTENSIONS = YES;
				BUNDLE_LOADER = "$(TEST_HOST)";
				CLANG_ANALYZER_NONNULL = YES;
				CLANG_ANALYZER_NUMBER_OBJECT_CONVERSION = YES_AGGRESSIVE;
				CLANG_ENABLE_OBJC_WEAK = YES;
				CLANG_WARN_DIRECT_OBJC_ISA_USAGE = YES_ERROR;
				CLANG_WARN_DOCUMENTATION_COMMENTS = YES;
				CLANG_WARN_OBJC_ROOT_CLASS = YES_ERROR;
				CLANG_WARN_UNGUARDED_AVAILABILITY = YES_AGGRESSIVE;
				CODE_SIGN_STYLE = Automatic;
				CURRENT_PROJECT_VERSION = 1;
				DEVELOPMENT_TEAM = K234XS667P;
				GENERATE_INFOPLIST_FILE = YES;
				LOCALIZATION_PREFERS_STRING_CATALOGS = YES;
				MARKETING_VERSION = 1.0;
				PRODUCT_BUNDLE_IDENTIFIER = "com.fireny.WatchFocusFlow-Watch-AppTests";
				PRODUCT_NAME = "$(TARGET_NAME)";
				SDKROOT = watchos;
				STRING_CATALOG_GENERATE_SYMBOLS = NO;
				SWIFT_APPROACHABLE_CONCURRENCY = YES;
				SWIFT_EMIT_LOC_STRINGS = NO;
				SWIFT_UPCOMING_FEATURE_MEMBER_IMPORT_VISIBILITY = YES;
				SWIFT_VERSION = 5.0;
				TARGETED_DEVICE_FAMILY = 4;
				TEST_HOST = "$(BUILT_PRODUCTS_DIR)/WatchFocusFlow Watch App.app/$(BUNDLE_EXECUTABLE_FOLDER_PATH)/WatchFocusFlow Watch App";
				WATCHOS_DEPLOYMENT_TARGET = 26.4;
			};
			name = Release;
		};
		A28164732F89142E00BCF738 /* Debug */ = {
			isa = XCBuildConfiguration;
			buildSettings = {
				ASSETCATALOG_COMPILER_GENERATE_SWIFT_ASSET_SYMBOL_EXTENSIONS = YES;
				CLANG_ANALYZER_NONNULL = YES;
				CLANG_ANALYZER_NUMBER_OBJECT_CONVERSION = YES_AGGRESSIVE;
				CLANG_ENABLE_OBJC_WEAK = YES;
				CLANG_WARN_DIRECT_OBJC_ISA_USAGE = YES_ERROR;
				CLANG_WARN_DOCUMENTATION_COMMENTS = YES;
				CLANG_WARN_OBJC_ROOT_CLASS = YES_ERROR;
				CLANG_WARN_UNGUARDED_AVAILABILITY = YES_AGGRESSIVE;
				CODE_SIGN_STYLE = Automatic;
				CURRENT_PROJECT_VERSION = 1;
				DEVELOPMENT_TEAM = K234XS667P;
				GENERATE_INFOPLIST_FILE = YES;
				LOCALIZATION_PREFERS_STRING_CATALOGS = YES;
				MARKETING_VERSION = 1.0;
				PRODUCT_BUNDLE_IDENTIFIER = "com.fireny.WatchFocusFlow-Watch-AppUITests";
				PRODUCT_NAME = "$(TARGET_NAME)";
				SDKROOT = watchos;
				STRING_CATALOG_GENERATE_SYMBOLS = NO;
				SWIFT_ACTIVE_COMPILATION_CONDITIONS = "DEBUG $(inherited)";
				SWIFT_APPROACHABLE_CONCURRENCY = YES;
				SWIFT_EMIT_LOC_STRINGS = NO;
				SWIFT_UPCOMING_FEATURE_MEMBER_IMPORT_VISIBILITY = YES;
				SWIFT_VERSION = 5.0;
				TARGETED_DEVICE_FAMILY = 4;
				TEST_TARGET_NAME = "WatchFocusFlow Watch App";
				WATCHOS_DEPLOYMENT_TARGET = 26.4;
			};
			name = Debug;
		};
		A28164742F89142E00BCF738 /* Release */ = {
			isa = XCBuildConfiguration;
			buildSettings = {
				ASSETCATALOG_COMPILER_GENERATE_SWIFT_ASSET_SYMBOL_EXTENSIONS = YES;
				CLANG_ANALYZER_NONNULL = YES;
				CLANG_ANALYZER_NUMBER_OBJECT_CONVERSION = YES_AGGRESSIVE;
				CLANG_ENABLE_OBJC_WEAK = YES;
				CLANG_WARN_DIRECT_OBJC_ISA_USAGE = YES_ERROR;
				CLANG_WARN_DOCUMENTATION_COMMENTS = YES;
				CLANG_WARN_OBJC_ROOT_CLASS = YES_ERROR;
				CLANG_WARN_UNGUARDED_AVAILABILITY = YES_AGGRESSIVE;
				CODE_SIGN_STYLE = Automatic;
				CURRENT_PROJECT_VERSION = 1;
				DEVELOPMENT_TEAM = K234XS667P;
				GENERATE_INFOPLIST_FILE = YES;
				LOCALIZATION_PREFERS_STRING_CATALOGS = YES;
				MARKETING_VERSION = 1.0;
				PRODUCT_BUNDLE_IDENTIFIER = "com.fireny.WatchFocusFlow-Watch-AppUITests";
				PRODUCT_NAME = "$(TARGET_NAME)";
				SDKROOT = watchos;
				STRING_CATALOG_GENERATE_SYMBOLS = NO;
				SWIFT_APPROACHABLE_CONCURRENCY = YES;
				SWIFT_EMIT_LOC_STRINGS = NO;
				SWIFT_UPCOMING_FEATURE_MEMBER_IMPORT_VISIBILITY = YES;
				SWIFT_VERSION = 5.0;
				TARGETED_DEVICE_FAMILY = 4;
				TEST_TARGET_NAME = "WatchFocusFlow Watch App";
				WATCHOS_DEPLOYMENT_TARGET = 26.4;
			};
			name = Release;
		};
/* End XCBuildConfiguration section */

/* Begin XCConfigurationList section */
		7001 /* Build configuration list for PBXNativeTarget "FocusFlow" */ = {
			isa = XCConfigurationList;
			buildConfigurations = (
				7005 /* Debug */,
				7006 /* Release */,
			);
			defaultConfigurationIsVisible = 0;
			defaultConfigurationName = Release;
		};
		7002 /* Build configuration list for PBXProject "FocusFlow" */ = {
			isa = XCConfigurationList;
			buildConfigurations = (
				7003 /* Debug */,
				7004 /* Release */,
			);
			defaultConfigurationIsVisible = 0;
			defaultConfigurationName = Release;
		};
		A26EE9A32F869F1000E36E96 /* Build configuration list for PBXNativeTarget "FocusWidgetExtension" */ = {
			isa = XCConfigurationList;
			buildConfigurations = (
				A26EE9A02F869F1000E36E96 /* Debug */,
				A26EE9A12F869F1000E36E96 /* Release */,
			);
			defaultConfigurationIsVisible = 0;
			defaultConfigurationName = Release;
		};
		A27E2B872F853AAD00B1721A /* Build configuration list for PBXNativeTarget "FocusFlowLiveActivityExtension" */ = {
			isa = XCConfigurationList;
			buildConfigurations = (
				A27E2B882F853AAD00B1721A /* Debug */,
				A27E2B892F853AAD00B1721A /* Release */,
			);
			defaultConfigurationIsVisible = 0;
			defaultConfigurationName = Release;
		};
		A281646C2F89142E00BCF738 /* Build configuration list for PBXNativeTarget "WatchFocusFlow Watch App" */ = {
			isa = XCConfigurationList;
			buildConfigurations = (
				A281646D2F89142E00BCF738 /* Debug */,
				A281646E2F89142E00BCF738 /* Release */,
			);
			defaultConfigurationIsVisible = 0;
			defaultConfigurationName = Release;
		};
		A281646F2F89142E00BCF738 /* Build configuration list for PBXNativeTarget "WatchFocusFlow Watch AppTests" */ = {
			isa = XCConfigurationList;
			buildConfigurations = (
				A28164702F89142E00BCF738 /* Debug */,
				A28164712F89142E00BCF738 /* Release */,
			);
			defaultConfigurationIsVisible = 0;
			defaultConfigurationName = Release;
		};
		A28164722F89142E00BCF738 /* Build configuration list for PBXNativeTarget "WatchFocusFlow Watch AppUITests" */ = {
			isa = XCConfigurationList;
			buildConfigurations = (
				A28164732F89142E00BCF738 /* Debug */,
				A28164742F89142E00BCF738 /* Release */,
			);
			defaultConfigurationIsVisible = 0;
			defaultConfigurationName = Release;
		};
/* End XCConfigurationList section */
	};
	rootObject = 6001 /* Project object */;
}
